
Microsoft Visual Studio Solution File, Format Version 12.00
# Visual Studio 14
VisualStudioVersion = 14.0.23107.0
MinimumVisualStudioVersion = 10.0.40219.1
Project("{FAE04EC0-301F-11D3-BF4B-00C04F79EFBC}") = "Utilities", "Utilities.csproj", "{6E261C96-33E1-4FF1-98F6-1EA9F55515B4}"
EndProject
Project("{FAE04EC0-301F-11D3-BF4B-00C04F79EFBC}") = "Utilities.Tests", "..\Utilities.Tests\Utilities.Tests.csproj", "{9A3C868A-0DE1-4FDD-BC2A-8613B9F3D707}"
EndProject
Global
	GlobalSection(SolutionConfigurationPlatforms) = preSolution
		Debug|Any CPU = Debug|Any CPU
		Release|Any CPU = Release|Any CPU
	EndGlobalSection
	GlobalSection(ProjectConfigurationPlatforms) = postSolution
		{6E261C96-33E1-4FF1-98F6-1EA9F55515B4}.Debug|Any CPU.ActiveCfg = Debug|Any CPU
		{6E261C96-33E1-4FF1-98F6-1EA9F55515B4}.Debug|Any CPU.Build.0 = Debug|Any CPU
		{6E261C96-33E1-4FF1-98F6-1EA9F55515B4}.Release|Any CPU.ActiveCfg = Release|Any CPU
		{6E261C96-33E1-4FF1-98F6-1EA9F55515B4}.Release|Any CPU.Build.0 = Release|Any CPU
		{9A3C868A-0DE1-4FDD-BC2A-8613B9F3D707}.Debug|Any CPU.ActiveCfg = Debug|Any CPU
		{9A3C868A-0DE1-4FDD-BC2A-8613B9F3D707}.Debug|Any CPU.Build.0 = Debug|Any CPU
		{9A3C868A-0DE1-4FDD-BC2A-8613B9F3D707}.Release|Any CPU.ActiveCfg = Release|Any CPU
		{9A3C868A-0DE1-4FDD-BC2A-8613B9F3D707}.Release|Any CPU.Build.0 = Release|Any CPU
	EndGlobalSection
	GlobalSection(SolutionProperties) = preSolution
		HideSolutionNode = FALSE
	EndGlobalSection
	GlobalSection(TeamFoundationVersionControl) = preSolution
		SccNumberOfProjects = 3
		SccEnterpriseProvider = {4CA58AB2-18FA-4F8D-95D4-32DDF27D184C}
		SccTeamFoundationServer = https://larrym996.visualstudio.com/defaultcollection
		SccLocalPath0 = .
		SccProjectUniqueName1 = Utilities.csproj
		SccLocalPath1 = .
		SccProjectUniqueName2 = ..\\Utilities.Tests\\Utilities.Tests.csproj
		SccProjectName2 = ../Utilities.Tests
		SccLocalPath2 = ..\\Utilities.Tests
	EndGlobalSection
EndGlobal
