
Microsoft Visual Studio Solution File, Format Version 12.00
# Visual Studio 14
VisualStudioVersion = 14.0.23107.0
MinimumVisualStudioVersion = 10.0.40219.1
Project("{FAE04EC0-301F-11D3-BF4B-00C04F79EFBC}") = "ClassLibrary1", "ClassLibrary1\ClassLibrary1.csproj", "{89B6A997-749F-45A2-A193-A06EF7B02AF1}"
EndProject
Project("{FAE04EC0-301F-11D3-BF4B-00C04F79EFBC}") = "ClassLibrary1.Tests", "ClassLibrary1.Tests\ClassLibrary1.Tests.csproj", "{38C92C71-9459-458F-8D64-8D4180F20F4F}"
EndProject
Global
	GlobalSection(SolutionConfigurationPlatforms) = preSolution
		Debug|Any CPU = Debug|Any CPU
		Release|Any CPU = Release|Any CPU
	EndGlobalSection
	GlobalSection(ProjectConfigurationPlatforms) = postSolution
		{89B6A997-749F-45A2-A193-A06EF7B02AF1}.Debug|Any CPU.ActiveCfg = Debug|Any CPU
		{89B6A997-749F-45A2-A193-A06EF7B02AF1}.Debug|Any CPU.Build.0 = Debug|Any CPU
		{89B6A997-749F-45A2-A193-A06EF7B02AF1}.Release|Any CPU.ActiveCfg = Release|Any CPU
		{89B6A997-749F-45A2-A193-A06EF7B02AF1}.Release|Any CPU.Build.0 = Release|Any CPU
		{38C92C71-9459-458F-8D64-8D4180F20F4F}.Debug|Any CPU.ActiveCfg = Debug|Any CPU
		{38C92C71-9459-458F-8D64-8D4180F20F4F}.Debug|Any CPU.Build.0 = Debug|Any CPU
		{38C92C71-9459-458F-8D64-8D4180F20F4F}.Release|Any CPU.ActiveCfg = Release|Any CPU
		{38C92C71-9459-458F-8D64-8D4180F20F4F}.Release|Any CPU.Build.0 = Release|Any CPU
	EndGlobalSection
	GlobalSection(SolutionProperties) = preSolution
		HideSolutionNode = FALSE
	EndGlobalSection
	GlobalSection(TeamFoundationVersionControl) = preSolution
		SccNumberOfProjects = 3
		SccEnterpriseProvider = {4CA58AB2-18FA-4F8D-95D4-32DDF27D184C}
		SccTeamFoundationServer = https://larrym996.visualstudio.com/defaultcollection
		SccLocalPath0 = .
		SccProjectUniqueName1 = ClassLibrary1.Tests\\ClassLibrary1.Tests.csproj
		SccProjectName1 = ClassLibrary1.Tests
		SccLocalPath1 = ClassLibrary1.Tests
		SccProjectUniqueName2 = ClassLibrary1\\ClassLibrary1.csproj
		SccProjectName2 = ClassLibrary1
		SccLocalPath2 = ClassLibrary1
	EndGlobalSection
EndGlobal
